// !$*UTF8*$!
{
	archiveVersion = 1;
	classes = {
	};
	objectVersion = 55;
	objects = {

/* Begin PBXBuildFile section */
		EC7918CF27F60DB000BB0792 /* EditableCrosswalkListApp.swift in Sources */ = {isa = PBXBuildFile; fileRef = EC7918CE27F60DB000BB0792 /* EditableCrosswalkListApp.swift */; };
		EC7918D127F60DB000BB0792 /* ContentView.swift in Sources */ = {isa = PBXBuildFile; fileRef = EC7918D027F60DB000BB0792 /* ContentView.swift */; };
		EC7918D327F60DB100BB0792 /* Assets.xcassets in Resources */ = {isa = PBXBuildFile; fileRef = EC7918D227F60DB100BB0792 /* Assets.xcassets */; };
		EC7918D627F60DB100BB0792 /* Preview Assets.xcassets in Resources */ = {isa = PBXBuildFile; fileRef = EC7918D527F60DB100BB0792 /* Preview Assets.xcassets */; };
		EC7918E027F60DB100BB0792 /* EditableCrosswalkListTests.swift in Sources */ = {isa = PBXBuildFile; fileRef = EC7918DF27F60DB100BB0792 /* EditableCrosswalkListTests.swift */; };
		EC7918EA27F60DB100BB0792 /* EditableCrosswalkListUITests.swift in Sources */ = {isa = PBXBuildFile; fileRef = EC7918E927F60DB100BB0792 /* EditableCrosswalkListUITests.swift */; };
		EC7918EC27F60DB100BB0792 /* EditableCrosswalkListUITestsLaunchTests.swift in Sources */ = {isa = PBXBuildFile; fileRef = EC7918EB27F60DB100BB0792 /* EditableCrosswalkListUITestsLaunchTests.swift */; };
		EC7918F927F60DC000BB0792 /* .gitignore in Resources */ = {isa = PBXBuildFile; fileRef = EC7918F827F60DC000BB0792 /* .gitignore */; };
		EC7918FB27F60E9700BB0792 /* CrosswalkViews.swift in Sources */ = {isa = PBXBuildFile; fileRef = EC7918FA27F60E9700BB0792 /* CrosswalkViews.swift */; };
		EC7918FD27F60EB700BB0792 /* Crosswalk.swift in Sources */ = {isa = PBXBuildFile; fileRef = EC7918FC27F60EB700BB0792 /* Crosswalk.swift */; };
		EC7918FF27F670CF00BB0792 /* Modifier.swift in Sources */ = {isa = PBXBuildFile; fileRef = EC7918FE27F670CF00BB0792 /* Modifier.swift */; };
/* End PBXBuildFile section */

/* Begin PBXContainerItemProxy section */
		EC7918DC27F60DB100BB0792 /* PBXContainerItemProxy */ = {
			isa = PBXContainerItemProxy;
			containerPortal = EC7918C327F60DB000BB0792 /* Project object */;
			proxyType = 1;
			remoteGlobalIDString = EC7918CA27F60DB000BB0792;
			remoteInfo = EditableCrosswalkList;
		};
		EC7918E627F60DB100BB0792 /* PBXContainerItemProxy */ = {
			isa = PBXContainerItemProxy;
			containerPortal = EC7918C327F60DB000BB0792 /* Project object */;
			proxyType = 1;
			remoteGlobalIDString = EC7918CA27F60DB000BB0792;
			remoteInfo = EditableCrosswalkList;
		};
/* End PBXContainerItemProxy section */

/* Begin PBXFileReference section */
		EC7918CB27F60DB000BB0792 /* EditableCrosswalkList.app */ = {isa = PBXFileReference; explicitFileType = wrapper.application; includeInIndex = 0; path = EditableCrosswalkList.app; sourceTree = BUILT_PRODUCTS_DIR; };
		EC7918CE27F60DB000BB0792 /* EditableCrosswalkListApp.swift */ = {isa = PBXFileReference; lastKnownFileType = sourcecode.swift; path = EditableCrosswalkListApp.swift; sourceTree = "<group>"; };
		EC7918D027F60DB000BB0792 /* ContentView.swift */ = {isa = PBXFileReference; lastKnownFileType = sourcecode.swift; path = ContentView.swift; sourceTree = "<group>"; };
		EC7918D227F60DB100BB0792 /* Assets.xcassets */ = {isa = PBXFileReference; lastKnownFileType = folder.assetcatalog; path = Assets.xcassets; sourceTree = "<group>"; };
		EC7918D527F60DB100BB0792 /* Preview Assets.xcassets */ = {isa = PBXFileReference; lastKnownFileType = folder.assetcatalog; path = "Preview Assets.xcassets"; sourceTree = "<group>"; };
		EC7918DB27F60DB100BB0792 /* EditableCrosswalkListTests.xctest */ = {isa = PBXFileReference; explicitFileType = wrapper.cfbundle; includeInIndex = 0; path = EditableCrosswalkListTests.xctest; sourceTree = BUILT_PRODUCTS_DIR; };
		EC7918DF27F60DB100BB0792 /* EditableCrosswalkListTests.swift */ = {isa = PBXFileReference; lastKnownFileType = sourcecode.swift; path = EditableCrosswalkListTests.swift; sourceTree = "<group>"; };
		EC7918E527F60DB100BB0792 /* EditableCrosswalkListUITests.xctest */ = {isa = PBXFileReference; explicitFileType = wrapper.cfbundle; includeInIndex = 0; path = EditableCrosswalkListUITests.xctest; sourceTree = BUILT_PRODUCTS_DIR; };
		EC7918E927F60DB100BB0792 /* EditableCrosswalkListUITests.swift */ = {isa = PBXFileReference; lastKnownFileType = sourcecode.swift; path = EditableCrosswalkListUITests.swift; sourceTree = "<group>"; };
		EC7918EB27F60DB100BB0792 /* EditableCrosswalkListUITestsLaunchTests.swift */ = {isa = PBXFileReference; lastKnownFileType = sourcecode.swift; path = EditableCrosswalkListUITestsLaunchTests.swift; sourceTree = "<group>"; };
		EC7918F827F60DC000BB0792 /* .gitignore */ = {isa = PBXFileReference; lastKnownFileType = text; path = .gitignore; sourceTree = "<group>"; };
		EC7918FA27F60E9700BB0792 /* CrosswalkViews.swift */ = {isa = PBXFileReference; lastKnownFileType = sourcecode.swift; path = CrosswalkViews.swift; sourceTree = "<group>"; };
		EC7918FC27F60EB700BB0792 /* Crosswalk.swift */ = {isa = PBXFileReference; lastKnownFileType = sourcecode.swift; path = Crosswalk.swift; sourceTree = "<group>"; };
		EC7918FE27F670CF00BB0792 /* Modifier.swift */ = {isa = PBXFileReference; lastKnownFileType = sourcecode.swift; path = Modifier.swift; sourceTree = "<group>"; };
/* End PBXFileReference section */

/* Begin PBXFrameworksBuildPhase section */
		EC7918C827F60DB000BB0792 /* Frameworks */ = {
			isa = PBXFrameworksBuildPhase;
			buildActionMask = 2147483647;
			files = (
			);
			runOnlyForDeploymentPostprocessing = 0;
		};
		EC7918D827F60DB100BB0792 /* Frameworks */ = {
			isa = PBXFrameworksBuildPhase;
			buildActionMask = 2147483647;
			files = (
			);
			runOnlyForDeploymentPostprocessing = 0;
		};
		EC7918E227F60DB100BB0792 /* Frameworks */ = {
			isa = PBXFrameworksBuildPhase;
			buildActionMask = 2147483647;
			files = (
			);
			runOnlyForDeploymentPostprocessing = 0;
		};
/* End PBXFrameworksBuildPhase section */

/* Begin PBXGroup section */
		EC7918C227F60DB000BB0792 = {
			isa = PBXGroup;
			children = (
				EC7918F827F60DC000BB0792 /* .gitignore */,
				EC7918CD27F60DB000BB0792 /* EditableCrosswalkList */,
				EC7918DE27F60DB100BB0792 /* EditableCrosswalkListTests */,
				EC7918E827F60DB100BB0792 /* EditableCrosswalkListUITests */,
				EC7918CC27F60DB000BB0792 /* Products */,
			);
			sourceTree = "<group>";
		};
		EC7918CC27F60DB000BB0792 /* Products */ = {
			isa = PBXGroup;
			children = (
				EC7918CB27F60DB000BB0792 /* EditableCrosswalkList.app */,
				EC7918DB27F60DB100BB0792 /* EditableCrosswalkListTests.xctest */,
				EC7918E527F60DB100BB0792 /* EditableCrosswalkListUITests.xctest */,
			);
			name = Products;
			sourceTree = "<group>";
		};
		EC7918CD27F60DB000BB0792 /* EditableCrosswalkList */ = {
			isa = PBXGroup;
			children = (
				EC7918CE27F60DB000BB0792 /* EditableCrosswalkListApp.swift */,
				EC7918D027F60DB000BB0792 /* ContentView.swift */,
				EC7918FC27F60EB700BB0792 /* Crosswalk.swift */,
				EC7918FA27F60E9700BB0792 /* CrosswalkViews.swift */,
				EC7918FE27F670CF00BB0792 /* Modifier.swift */,
				EC7918D227F60DB100BB0792 /* Assets.xcassets */,
				EC7918D427F60DB100BB0792 /* Preview Content */,
			);
			path = EditableCrosswalkList;
			sourceTree = "<group>";
		};
		EC7918D427F60DB100BB0792 /* Preview Content */ = {
			isa = PBXGroup;
			children = (
				EC7918D527F60DB100BB0792 /* Preview Assets.xcassets */,
			);
			path = "Preview Content";
			sourceTree = "<group>";
		};
		EC7918DE27F60DB100BB0792 /* EditableCrosswalkListTests */ = {
			isa = PBXGroup;
			children = (
				EC7918DF27F60DB100BB0792 /* EditableCrosswalkListTests.swift */,
			);
			path = EditableCrosswalkListTests;
			sourceTree = "<group>";
		};
		EC7918E827F60DB100BB0792 /* EditableCrosswalkListUITests */ = {
			isa = PBXGroup;
			children = (
				EC7918E927F60DB100BB0792 /* EditableCrosswalkListUITests.swift */,
				EC7918EB27F60DB100BB0792 /* EditableCrosswalkListUITestsLaunchTests.swift */,
			);
			path = EditableCrosswalkListUITests;
			sourceTree = "<group>";
		};
/* End PBXGroup section */

/* Begin PBXNativeTarget section */
		EC7918CA27F60DB000BB0792 /* EditableCrosswalkList */ = {
			isa = PBXNativeTarget;
			buildConfigurationList = EC7918EF27F60DB100BB0792 /* Build configuration list for PBXNativeTarget "EditableCrosswalkList" */;
			buildPhases = (
				EC7918C727F60DB000BB0792 /* Sources */,
				EC7918C827F60DB000BB0792 /* Frameworks */,
				EC7918C927F60DB000BB0792 /* Resources */,
			);
			buildRules = (
			);
			dependencies = (
			);
			name = EditableCrosswalkList;
			productName = EditableCrosswalkList;
			productReference = EC7918CB27F60DB000BB0792 /* EditableCrosswalkList.app */;
			productType = "com.apple.product-type.application";
		};
		EC7918DA27F60DB100BB0792 /* EditableCrosswalkListTests */ = {
			isa = PBXNativeTarget;
			buildConfigurationList = EC7918F227F60DB100BB0792 /* Build configuration list for PBXNativeTarget "EditableCrosswalkListTests" */;
			buildPhases = (
				EC7918D727F60DB100BB0792 /* Sources */,
				EC7918D827F60DB100BB0792 /* Frameworks */,
				EC7918D927F60DB100BB0792 /* Resources */,
			);
			buildRules = (
			);
			dependencies = (
				EC7918DD27F60DB100BB0792 /* PBXTargetDependency */,
			);
			name = EditableCrosswalkListTests;
			productName = EditableCrosswalkListTests;
			productReference = EC7918DB27F60DB100BB0792 /* EditableCrosswalkListTests.xctest */;
			productType = "com.apple.product-type.bundle.unit-test";
		};
		EC7918E427F60DB100BB0792 /* EditableCrosswalkListUITests */ = {
			isa = PBXNativeTarget;
			buildConfigurationList = EC7918F527F60DB100BB0792 /* Build configuration list for PBXNativeTarget "EditableCrosswalkListUITests" */;
			buildPhases = (
				EC7918E127F60DB100BB0792 /* Sources */,
				EC7918E227F60DB100BB0792 /* Frameworks */,
				EC7918E327F60DB100BB0792 /* Resources */,
			);
			buildRules = (
			);
			dependencies = (
				EC7918E727F60DB100BB0792 /* PBXTargetDependency */,
			);
			name = EditableCrosswalkListUITests;
			productName = EditableCrosswalkListUITests;
			productReference = EC7918E527F60DB100BB0792 /* EditableCrosswalkListUITests.xctest */;
			productType = "com.apple.product-type.bundle.ui-testing";
		};
/* End PBXNativeTarget section */

/* Begin PBXProject section */
		EC7918C327F60DB000BB0792 /* Project object */ = {
			isa = PBXProject;
			attributes = {
				BuildIndependentTargetsInParallel = 1;
				LastSwiftUpdateCheck = 1330;
				LastUpgradeCheck = 1330;
				TargetAttributes = {
					EC7918CA27F60DB000BB0792 = {
						CreatedOnToolsVersion = 13.3;
					};
					EC7918DA27F60DB100BB0792 = {
						CreatedOnToolsVersion = 13.3;
						TestTargetID = EC7918CA27F60DB000BB0792;
					};
					EC7918E427F60DB100BB0792 = {
						CreatedOnToolsVersion = 13.3;
						TestTargetID = EC7918CA27F60DB000BB0792;
					};
				};
			};
			buildConfigurationList = EC7918C627F60DB000BB0792 /* Build configuration list for PBXProject "EditableCrosswalkList" */;
			compatibilityVersion = "Xcode 13.0";
			developmentRegion = en;
			hasScannedForEncodings = 0;
			knownRegions = (
				en,
				Base,
			);
			mainGroup = EC7918C227F60DB000BB0792;
			productRefGroup = EC7918CC27F60DB000BB0792 /* Products */;
			projectDirPath = "";
			projectRoot = "";
			targets = (
				EC7918CA27F60DB000BB0792 /* EditableCrosswalkList */,
				EC7918DA27F60DB100BB0792 /* EditableCrosswalkListTests */,
				EC7918E427F60DB100BB0792 /* EditableCrosswalkListUITests */,
			);
		};
/* End PBXProject section */

/* Begin PBXResourcesBuildPhase section */
		EC7918C927F60DB000BB0792 /* Resources */ = {
			isa = PBXResourcesBuildPhase;
			buildActionMask = 2147483647;
			files = (
				EC7918D627F60DB100BB0792 /* Preview Assets.xcassets in Resources */,
				EC7918F927F60DC000BB0792 /* .gitignore in Resources */,
				EC7918D327F60DB100BB0792 /* Assets.xcassets in Resources */,
			);
			runOnlyForDeploymentPostprocessing = 0;
		};
		EC7918D927F60DB100BB0792 /* Resources */ = {
			isa = PBXResourcesBuildPhase;
			buildActionMask = 2147483647;
			files = (
			);
			runOnlyForDeploymentPostprocessing = 0;
		};
		EC7918E327F60DB100BB0792 /* Resources */ = {
			isa = PBXResourcesBuildPhase;
			buildActionMask = 2147483647;
			files = (
			);
			runOnlyForDeploymentPostprocessing = 0;
		};
/* End PBXResourcesBuildPhase section */

/* Begin PBXSourcesBuildPhase section */
		EC7918C727F60DB000BB0792 /* Sources */ = {
			isa = PBXSourcesBuildPhase;
			buildActionMask = 2147483647;
			files = (
				EC7918FB27F60E9700BB0792 /* CrosswalkViews.swift in Sources */,
				EC7918D127F60DB000BB0792 /* ContentView.swift in Sources */,
				EC7918CF27F60DB000BB0792 /* EditableCrosswalkListApp.swift in Sources */,
				EC7918FD27F60EB700BB0792 /* Crosswalk.swift in Sources */,
				EC7918FF27F670CF00BB0792 /* Modifier.swift in Sources */,
			);
			runOnlyForDeploymentPostprocessing = 0;
		};
		EC7918D727F60DB100BB0792 /* Sources */ = {
			isa = PBXSourcesBuildPhase;
			buildActionMask = 2147483647;
			files = (
				EC7918E027F60DB100BB0792 /* EditableCrosswalkListTests.swift in Sources */,
			);
			runOnlyForDeploymentPostprocessing = 0;
		};
		EC7918E127F60DB100BB0792 /* Sources */ = {
			isa = PBXSourcesBuildPhase;
			buildActionMask = 2147483647;
			files = (
				EC7918EC27F60DB100BB0792 /* EditableCrosswalkListUITestsLaunchTests.swift in Sources */,
				EC7918EA27F60DB100BB0792 /* EditableCrosswalkListUITests.swift in Sources */,
			);
			runOnlyForDeploymentPostprocessing = 0;
		};
/* End PBXSourcesBuildPhase section */

/* Begin PBXTargetDependency section */
		EC7918DD27F60DB100BB0792 /* PBXTargetDependency */ = {
			isa = PBXTargetDependency;
			target = EC7918CA27F60DB000BB0792 /* EditableCrosswalkList */;
			targetProxy = EC7918DC27F60DB100BB0792 /* PBXContainerItemProxy */;
		};
		EC7918E727F60DB100BB0792 /* PBXTargetDependency */ = {
			isa = PBXTargetDependency;
			target = EC7918CA27F60DB000BB0792 /* EditableCrosswalkList */;
			targetProxy = EC7918E627F60DB100BB0792 /* PBXContainerItemProxy */;
		};
/* End PBXTargetDependency section */

/* Begin XCBuildConfiguration section */
		EC7918ED27F60DB100BB0792 /* Debug */ = {
			isa = XCBuildConfiguration;
			buildSettings = {
				ALWAYS_SEARCH_USER_PATHS = NO;
				CLANG_ANALYZER_NONNULL = YES;
				CLANG_ANALYZER_NUMBER_OBJECT_CONVERSION = YES_AGGRESSIVE;
				CLANG_CXX_LANGUAGE_STANDARD = "gnu++17";
				CLANG_ENABLE_MODULES = YES;
				CLANG_ENABLE_OBJC_ARC = YES;
				CLANG_ENABLE_OBJC_WEAK = YES;
				CLANG_WARN_BLOCK_CAPTURE_AUTORELEASING = YES;
				CLANG_WARN_BOOL_CONVERSION = YES;
				CLANG_WARN_COMMA = YES;
				CLANG_WARN_CONSTANT_CONVERSION = YES;
				CLANG_WARN_DEPRECATED_OBJC_IMPLEMENTATIONS = YES;
				CLANG_WARN_DIRECT_OBJC_ISA_USAGE = YES_ERROR;
				CLANG_WARN_DOCUMENTATION_COMMENTS = YES;
				CLANG_WARN_EMPTY_BODY = YES;
				CLANG_WARN_ENUM_CONVERSION = YES;
				CLANG_WARN_INFINITE_RECURSION = YES;
				CLANG_WARN_INT_CONVERSION = YES;
				CLANG_WARN_NON_LITERAL_NULL_CONVERSION = YES;
				CLANG_WARN_OBJC_IMPLICIT_RETAIN_SELF = YES;
				CLANG_WARN_OBJC_LITERAL_CONVERSION = YES;
				CLANG_WARN_OBJC_ROOT_CLASS = YES_ERROR;
				CLANG_WARN_QUOTED_INCLUDE_IN_FRAMEWORK_HEADER = YES;
				CLANG_WARN_RANGE_LOOP_ANALYSIS = YES;
				CLANG_WARN_STRICT_PROTOTYPES = YES;
				CLANG_WARN_SUSPICIOUS_MOVE = YES;
				CLANG_WARN_UNGUARDED_AVAILABILITY = YES_AGGRESSIVE;
				CLANG_WARN_UNREACHABLE_CODE = YES;
				CLANG_WARN__DUPLICATE_METHOD_MATCH = YES;
				COPY_PHASE_STRIP = NO;
				DEBUG_INFORMATION_FORMAT = dwarf;
				ENABLE_STRICT_OBJC_MSGSEND = YES;
				ENABLE_TESTABILITY = YES;
				GCC_C_LANGUAGE_STANDARD = gnu11;
				GCC_DYNAMIC_NO_PIC = NO;
				GCC_NO_COMMON_BLOCKS = YES;
				GCC_OPTIMIZATION_LEVEL = 0;
				GCC_PREPROCESSOR_DEFINITIONS = (
					"DEBUG=1",
					"$(inherited)",
				);
				GCC_WARN_64_TO_32_BIT_CONVERSION = YES;
				GCC_WARN_ABOUT_RETURN_TYPE = YES_ERROR;
				GCC_WARN_UNDECLARED_SELECTOR = YES;
				GCC_WARN_UNINITIALIZED_AUTOS = YES_AGGRESSIVE;
				GCC_WARN_UNUSED_FUNCTION = YES;
				GCC_WARN_UNUSED_VARIABLE = YES;
				IPHONEOS_DEPLOYMENT_TARGET = 15.4;
				MTL_ENABLE_DEBUG_INFO = INCLUDE_SOURCE;
				MTL_FAST_MATH = YES;
				ONLY_ACTIVE_ARCH = YES;
				SDKROOT = iphoneos;
				SWIFT_ACTIVE_COMPILATION_CONDITIONS = DEBUG;
				SWIFT_OPTIMIZATION_LEVEL = "-Onone";
			};
			name = Debug;
		};
		EC7918EE27F60DB100BB0792 /* Release */ = {
			isa = XCBuildConfiguration;
			buildSettings = {
				ALWAYS_SEARCH_USER_PATHS = NO;
				CLANG_ANALYZER_NONNULL = YES;
				CLANG_ANALYZER_NUMBER_OBJECT_CONVERSION = YES_AGGRESSIVE;
				CLANG_CXX_LANGUAGE_STANDARD = "gnu++17";
				CLANG_ENABLE_MODULES = YES;
				CLANG_ENABLE_OBJC_ARC = YES;
				CLANG_ENABLE_OBJC_WEAK = YES;
				CLANG_WARN_BLOCK_CAPTURE_AUTORELEASING = YES;
				CLANG_WARN_BOOL_CONVERSION = YES;
				CLANG_WARN_COMMA = YES;
				CLANG_WARN_CONSTANT_CONVERSION = YES;
				CLANG_WARN_DEPRECATED_OBJC_IMPLEMENTATIONS = YES;
				CLANG_WARN_DIRECT_OBJC_ISA_USAGE = YES_ERROR;
				CLANG_WARN_DOCUMENTATION_COMMENTS = YES;
				CLANG_WARN_EMPTY_BODY = YES;
				CLANG_WARN_ENUM_CONVERSION = YES;
				CLANG_WARN_INFINITE_RECURSION = YES;
				CLANG_WARN_INT_CONVERSION = YES;
				CLANG_WARN_NON_LITERAL_NULL_CONVERSION = YES;
				CLANG_WARN_OBJC_IMPLICIT_RETAIN_SELF = YES;
				CLANG_WARN_OBJC_LITERAL_CONVERSION = YES;
				CLANG_WARN_OBJC_ROOT_CLASS = YES_ERROR;
				CLANG_WARN_QUOTED_INCLUDE_IN_FRAMEWORK_HEADER = YES;
				CLANG_WARN_RANGE_LOOP_ANALYSIS = YES;
				CLANG_WARN_STRICT_PROTOTYPES = YES;
				CLANG_WARN_SUSPICIOUS_MOVE = YES;
				CLANG_WARN_UNGUARDED_AVAILABILITY = YES_AGGRESSIVE;
				CLANG_WARN_UNREACHABLE_CODE = YES;
				CLANG_WARN__DUPLICATE_METHOD_MATCH = YES;
				COPY_PHASE_STRIP = NO;
				DEBUG_INFORMATION_FORMAT = "dwarf-with-dsym";
				ENABLE_NS_ASSERTIONS = NO;
				ENABLE_STRICT_OBJC_MSGSEND = YES;
				GCC_C_LANGUAGE_STANDARD = gnu11;
				GCC_NO_COMMON_BLOCKS = YES;
				GCC_WARN_64_TO_32_BIT_CONVERSION = YES;
				GCC_WARN_ABOUT_RETURN_TYPE = YES_ERROR;
				GCC_WARN_UNDECLARED_SELECTOR = YES;
				GCC_WARN_UNINITIALIZED_AUTOS = YES_AGGRESSIVE;
				GCC_WARN_UNUSED_FUNCTION = YES;
				GCC_WARN_UNUSED_VARIABLE = YES;
				IPHONEOS_DEPLOYMENT_TARGET = 15.4;
				MTL_ENABLE_DEBUG_INFO = NO;
				MTL_FAST_MATH = YES;
				SDKROOT = iphoneos;
				SWIFT_COMPILATION_MODE = wholemodule;
				SWIFT_OPTIMIZATION_LEVEL = "-O";
				VALIDATE_PRODUCT = YES;
			};
			name = Release;
		};
		EC7918F027F60DB100BB0792 /* Debug */ = {
			isa = XCBuildConfiguration;
			buildSettings = {
				ASSETCATALOG_COMPILER_APPICON_NAME = AppIcon;
				ASSETCATALOG_COMPILER_GLOBAL_ACCENT_COLOR_NAME = AccentColor;
				CODE_SIGN_STYLE = Automatic;
				CURRENT_PROJECT_VERSION = 1;
				DEVELOPMENT_ASSET_PATHS = "\"EditableCrosswalkList/Preview Content\"";
				DEVELOPMENT_TEAM = B2237HP63K;
				ENABLE_PREVIEWS = YES;
				GENERATE_INFOPLIST_FILE = YES;
				INFOPLIST_KEY_UIApplicationSceneManifest_Generation = YES;
				INFOPLIST_KEY_UIApplicationSupportsIndirectInputEvents = YES;
				INFOPLIST_KEY_UILaunchScreen_Generation = YES;
				INFOPLIST_KEY_UISupportedInterfaceOrientations_iPad = "UIInterfaceOrientationPortrait UIInterfaceOrientationPortraitUpsideDown UIInterfaceOrientationLandscapeLeft UIInterfaceOrientationLandscapeRight";
				INFOPLIST_KEY_UISupportedInterfaceOrientations_iPhone = "UIInterfaceOrientationPortrait UIInterfaceOrientationLandscapeLeft UIInterfaceOrientationLandscapeRight";
				IPHONEOS_DEPLOYMENT_TARGET = 15.2;
				LD_RUNPATH_SEARCH_PATHS = (
					"$(inherited)",
					"@executable_path/Frameworks",
				);
				MARKETING_VERSION = 1.0;
				PRODUCT_BUNDLE_IDENTIFIER = edu.fullerton.ecs.EditableCrosswalkList;
				PRODUCT_NAME = "$(TARGET_NAME)";
				SWIFT_EMIT_LOC_STRINGS = YES;
				SWIFT_VERSION = 5.0;
				TARGETED_DEVICE_FAMILY = "1,2";
			};
			name = Debug;
		};
		EC7918F127F60DB100BB0792 /* Release */ = {
			isa = XCBuildConfiguration;
			buildSettings = {
				ASSETCATALOG_COMPILER_APPICON_NAME = AppIcon;
				ASSETCATALOG_COMPILER_GLOBAL_ACCENT_COLOR_NAME = AccentColor;
				CODE_SIGN_STYLE = Automatic;
				CURRENT_PROJECT_VERSION = 1;
				DEVELOPMENT_ASSET_PATHS = "\"EditableCrosswalkList/Preview Content\"";
				DEVELOPMENT_TEAM = B2237HP63K;
				ENABLE_PREVIEWS = YES;
				GENERATE_INFOPLIST_FILE = YES;
				INFOPLIST_KEY_UIApplicationSceneManifest_Generation = YES;
				INFOPLIST_KEY_UIApplicationSupportsIndirectInputEvents = YES;
				INFOPLIST_KEY_UILaunchScreen_Generation = YES;
				INFOPLIST_KEY_UISupportedInterfaceOrientations_iPad = "UIInterfaceOrientationPortrait UIInterfaceOrientationPortraitUpsideDown UIInterfaceOrientationLandscapeLeft UIInterfaceOrientationLandscapeRight";
				INFOPLIST_KEY_UISupportedInterfaceOrientations_iPhone = "UIInterfaceOrientationPortrait UIInterfaceOrientationLandscapeLeft UIInterfaceOrientationLandscapeRight";
				IPHONEOS_DEPLOYMENT_TARGET = 15.2;
				LD_RUNPATH_SEARCH_PATHS = (
					"$(inherited)",
					"@executable_path/Frameworks",
				);
				MARKETING_VERSION = 1.0;
				PRODUCT_BUNDLE_IDENTIFIER = edu.fullerton.ecs.EditableCrosswalkList;
				PRODUCT_NAME = "$(TARGET_NAME)";
				SWIFT_EMIT_LOC_STRINGS = YES;
				SWIFT_VERSION = 5.0;
				TARGETED_DEVICE_FAMILY = "1,2";
			};
			name = Release;
		};
		EC7918F327F60DB100BB0792 /* Debug */ = {
			isa = XCBuildConfiguration;
			buildSettings = {
				ALWAYS_EMBED_SWIFT_STANDARD_LIBRARIES = YES;
				BUNDLE_LOADER = "$(TEST_HOST)";
				CODE_SIGN_STYLE = Automatic;
				CURRENT_PROJECT_VERSION = 1;
				DEVELOPMENT_TEAM = B2237HP63K;
				GENERATE_INFOPLIST_FILE = YES;
				IPHONEOS_DEPLOYMENT_TARGET = 15.4;
				MARKETING_VERSION = 1.0;
				PRODUCT_BUNDLE_IDENTIFIER = edu.fullerton.ecs.EditableCrosswalkListTests;
				PRODUCT_NAME = "$(TARGET_NAME)";
				SWIFT_EMIT_LOC_STRINGS = NO;
				SWIFT_VERSION = 5.0;
				TARGETED_DEVICE_FAMILY = "1,2";
				TEST_HOST = "$(BUILT_PRODUCTS_DIR)/EditableCrosswalkList.app/EditableCrosswalkList";
			};
			name = Debug;
		};
		EC7918F427F60DB100BB0792 /* Release */ = {
			isa = XCBuildConfiguration;
			buildSettings = {
				ALWAYS_EMBED_SWIFT_STANDARD_LIBRARIES = YES;
				BUNDLE_LOADER = "$(TEST_HOST)";
				CODE_SIGN_STYLE = Automatic;
				CURRENT_PROJECT_VERSION = 1;
				DEVELOPMENT_TEAM = B2237HP63K;
				GENERATE_INFOPLIST_FILE = YES;
				IPHONEOS_DEPLOYMENT_TARGET = 15.4;
				MARKETING_VERSION = 1.0;
				PRODUCT_BUNDLE_IDENTIFIER = edu.fullerton.ecs.EditableCrosswalkListTests;
				PRODUCT_NAME = "$(TARGET_NAME)";
				SWIFT_EMIT_LOC_STRINGS = NO;
				SWIFT_VERSION = 5.0;
				TARGETED_DEVICE_FAMILY = "1,2";
				TEST_HOST = "$(BUILT_PRODUCTS_DIR)/EditableCrosswalkList.app/EditableCrosswalkList";
			};
			name = Release;
		};
		EC7918F627F60DB100BB0792 /* Debug */ = {
			isa = XCBuildConfiguration;
			buildSettings = {
				ALWAYS_EMBED_SWIFT_STANDARD_LIBRARIES = YES;
				CODE_SIGN_STYLE = Automatic;
				CURRENT_PROJECT_VERSION = 1;
				DEVELOPMENT_TEAM = B2237HP63K;
				GENERATE_INFOPLIST_FILE = YES;
				MARKETING_VERSION = 1.0;
				PRODUCT_BUNDLE_IDENTIFIER = edu.fullerton.ecs.EditableCrosswalkListUITests;
				PRODUCT_NAME = "$(TARGET_NAME)";
				SWIFT_EMIT_LOC_STRINGS = NO;
				SWIFT_VERSION = 5.0;
				TARGETED_DEVICE_FAMILY = "1,2";
				TEST_TARGET_NAME = EditableCrosswalkList;
			};
			name = Debug;
		};
		EC7918F727F60DB100BB0792 /* Release */ = {
			isa = XCBuildConfiguration;
			buildSettings = {
				ALWAYS_EMBED_SWIFT_STANDARD_LIBRARIES = YES;
				CODE_SIGN_STYLE = Automatic;
				CURRENT_PROJECT_VERSION = 1;
				DEVELOPMENT_TEAM = B2237HP63K;
				GENERATE_INFOPLIST_FILE = YES;
				MARKETING_VERSION = 1.0;
				PRODUCT_BUNDLE_IDENTIFIER = edu.fullerton.ecs.EditableCrosswalkListUITests;
				PRODUCT_NAME = "$(TARGET_NAME)";
				SWIFT_EMIT_LOC_STRINGS = NO;
				SWIFT_VERSION = 5.0;
				TARGETED_DEVICE_FAMILY = "1,2";
				TEST_TARGET_NAME = EditableCrosswalkList;
			};
			name = Release;
		};
/* End XCBuildConfiguration section */

/* Begin XCConfigurationList section */
		EC7918C627F60DB000BB0792 /* Build configuration list for PBXProject "EditableCrosswalkList" */ = {
			isa = XCConfigurationList;
			buildConfigurations = (
				EC7918ED27F60DB100BB0792 /* Debug */,
				EC7918EE27F60DB100BB0792 /* Release */,
			);
			defaultConfigurationIsVisible = 0;
			defaultConfigurationName = Release;
		};
		EC7918EF27F60DB100BB0792 /* Build configuration list for PBXNativeTarget "EditableCrosswalkList" */ = {
			isa = XCConfigurationList;
			buildConfigurations = (
				EC7918F027F60DB100BB0792 /* Debug */,
				EC7918F127F60DB100BB0792 /* Release */,
			);
			defaultConfigurationIsVisible = 0;
			defaultConfigurationName = Release;
		};
		EC7918F227F60DB100BB0792 /* Build configuration list for PBXNativeTarget "EditableCrosswalkListTests" */ = {
			isa = XCConfigurationList;
			buildConfigurations = (
				EC7918F327F60DB100BB0792 /* Debug */,
				EC7918F427F60DB100BB0792 /* Release */,
			);
			defaultConfigurationIsVisible = 0;
			defaultConfigurationName = Release;
		};
		EC7918F527F60DB100BB0792 /* Build configuration list for PBXNativeTarget "EditableCrosswalkListUITests" */ = {
			isa = XCConfigurationList;
			buildConfigurations = (
				EC7918F627F60DB100BB0792 /* Debug */,
				EC7918F727F60DB100BB0792 /* Release */,
			);
			defaultConfigurationIsVisible = 0;
			defaultConfigurationName = Release;
		};
/* End XCConfigurationList section */
	};
	rootObject = EC7918C327F60DB000BB0792 /* Project object */;
}
