// !$*UTF8*$!
{
	archiveVersion = 1;
	classes = {
	};
	objectVersion = 55;
	objects = {

/* Begin PBXBuildFile section */
		EC23681627CD6392003751B0 /* LICENSE in Resources */ = {isa = PBXBuildFile; fileRef = EC23681427CD6392003751B0 /* LICENSE */; };
		EC23681727CD6392003751B0 /* README.md in Resources */ = {isa = PBXBuildFile; fileRef = EC23681527CD6392003751B0 /* README.md */; };
		ECE2433A27C96C4F0039C1A6 /* VolunteerIDMakerApp.swift in Sources */ = {isa = PBXBuildFile; fileRef = ECE2433927C96C4F0039C1A6 /* VolunteerIDMakerApp.swift */; };
		ECE2433C27C96C4F0039C1A6 /* ContentView.swift in Sources */ = {isa = PBXBuildFile; fileRef = ECE2433B27C96C4F0039C1A6 /* ContentView.swift */; };
		ECE2433E27C96C4F0039C1A6 /* Assets.xcassets in Resources */ = {isa = PBXBuildFile; fileRef = ECE2433D27C96C4F0039C1A6 /* Assets.xcassets */; };
		ECE2434127C96C4F0039C1A6 /* Preview Assets.xcassets in Resources */ = {isa = PBXBuildFile; fileRef = ECE2434027C96C4F0039C1A6 /* Preview Assets.xcassets */; };
		ECE2434B27C96C500039C1A6 /* VolunteerIDMakerTests.swift in Sources */ = {isa = PBXBuildFile; fileRef = ECE2434A27C96C500039C1A6 /* VolunteerIDMakerTests.swift */; };
		ECE2435527C96C500039C1A6 /* VolunteerIDMakerUITests.swift in Sources */ = {isa = PBXBuildFile; fileRef = ECE2435427C96C500039C1A6 /* VolunteerIDMakerUITests.swift */; };
		ECE2435727C96C500039C1A6 /* VolunteerIDMakerUITestsLaunchTests.swift in Sources */ = {isa = PBXBuildFile; fileRef = ECE2435627C96C500039C1A6 /* VolunteerIDMakerUITestsLaunchTests.swift */; };
/* End PBXBuildFile section */

/* Begin PBXContainerItemProxy section */
		ECE2434727C96C500039C1A6 /* PBXContainerItemProxy */ = {
			isa = PBXContainerItemProxy;
			containerPortal = ECE2432E27C96C4F0039C1A6 /* Project object */;
			proxyType = 1;
			remoteGlobalIDString = ECE2433527C96C4F0039C1A6;
			remoteInfo = VolunteerIDMaker;
		};
		ECE2435127C96C500039C1A6 /* PBXContainerItemProxy */ = {
			isa = PBXContainerItemProxy;
			containerPortal = ECE2432E27C96C4F0039C1A6 /* Project object */;
			proxyType = 1;
			remoteGlobalIDString = ECE2433527C96C4F0039C1A6;
			remoteInfo = VolunteerIDMaker;
		};
/* End PBXContainerItemProxy section */

/* Begin PBXFileReference section */
		EC23681427CD6392003751B0 /* LICENSE */ = {isa = PBXFileReference; fileEncoding = 4; lastKnownFileType = text; path = LICENSE; sourceTree = "<group>"; };
		EC23681527CD6392003751B0 /* README.md */ = {isa = PBXFileReference; fileEncoding = 4; lastKnownFileType = net.daringfireball.markdown; path = README.md; sourceTree = "<group>"; };
		ECE2433627C96C4F0039C1A6 /* VolunteerIDMaker.app */ = {isa = PBXFileReference; explicitFileType = wrapper.application; includeInIndex = 0; path = VolunteerIDMaker.app; sourceTree = BUILT_PRODUCTS_DIR; };
		ECE2433927C96C4F0039C1A6 /* VolunteerIDMakerApp.swift */ = {isa = PBXFileReference; lastKnownFileType = sourcecode.swift; path = VolunteerIDMakerApp.swift; sourceTree = "<group>"; };
		ECE2433B27C96C4F0039C1A6 /* ContentView.swift */ = {isa = PBXFileReference; lastKnownFileType = sourcecode.swift; path = ContentView.swift; sourceTree = "<group>"; };
		ECE2433D27C96C4F0039C1A6 /* Assets.xcassets */ = {isa = PBXFileReference; lastKnownFileType = folder.assetcatalog; path = Assets.xcassets; sourceTree = "<group>"; };
		ECE2434027C96C4F0039C1A6 /* Preview Assets.xcassets */ = {isa = PBXFileReference; lastKnownFileType = folder.assetcatalog; path = "Preview Assets.xcassets"; sourceTree = "<group>"; };
		ECE2434627C96C500039C1A6 /* VolunteerIDMakerTests.xctest */ = {isa = PBXFileReference; explicitFileType = wrapper.cfbundle; includeInIndex = 0; path = VolunteerIDMakerTests.xctest; sourceTree = BUILT_PRODUCTS_DIR; };
		ECE2434A27C96C500039C1A6 /* VolunteerIDMakerTests.swift */ = {isa = PBXFileReference; lastKnownFileType = sourcecode.swift; path = VolunteerIDMakerTests.swift; sourceTree = "<group>"; };
		ECE2435027C96C500039C1A6 /* VolunteerIDMakerUITests.xctest */ = {isa = PBXFileReference; explicitFileType = wrapper.cfbundle; includeInIndex = 0; path = VolunteerIDMakerUITests.xctest; sourceTree = BUILT_PRODUCTS_DIR; };
		ECE2435427C96C500039C1A6 /* VolunteerIDMakerUITests.swift */ = {isa = PBXFileReference; lastKnownFileType = sourcecode.swift; path = VolunteerIDMakerUITests.swift; sourceTree = "<group>"; };
		ECE2435627C96C500039C1A6 /* VolunteerIDMakerUITestsLaunchTests.swift */ = {isa = PBXFileReference; lastKnownFileType = sourcecode.swift; path = VolunteerIDMakerUITestsLaunchTests.swift; sourceTree = "<group>"; };
/* End PBXFileReference section */

/* Begin PBXFrameworksBuildPhase section */
		ECE2433327C96C4F0039C1A6 /* Frameworks */ = {
			isa = PBXFrameworksBuildPhase;
			buildActionMask = 2147483647;
			files = (
			);
			runOnlyForDeploymentPostprocessing = 0;
		};
		ECE2434327C96C500039C1A6 /* Frameworks */ = {
			isa = PBXFrameworksBuildPhase;
			buildActionMask = 2147483647;
			files = (
			);
			runOnlyForDeploymentPostprocessing = 0;
		};
		ECE2434D27C96C500039C1A6 /* Frameworks */ = {
			isa = PBXFrameworksBuildPhase;
			buildActionMask = 2147483647;
			files = (
			);
			runOnlyForDeploymentPostprocessing = 0;
		};
/* End PBXFrameworksBuildPhase section */

/* Begin PBXGroup section */
		ECE2432D27C96C4F0039C1A6 = {
			isa = PBXGroup;
			children = (
				EC23681427CD6392003751B0 /* LICENSE */,
				EC23681527CD6392003751B0 /* README.md */,
				ECE2433827C96C4F0039C1A6 /* VolunteerIDMaker */,
				ECE2434927C96C500039C1A6 /* VolunteerIDMakerTests */,
				ECE2435327C96C500039C1A6 /* VolunteerIDMakerUITests */,
				ECE2433727C96C4F0039C1A6 /* Products */,
			);
			sourceTree = "<group>";
		};
		ECE2433727C96C4F0039C1A6 /* Products */ = {
			isa = PBXGroup;
			children = (
				ECE2433627C96C4F0039C1A6 /* VolunteerIDMaker.app */,
				ECE2434627C96C500039C1A6 /* VolunteerIDMakerTests.xctest */,
				ECE2435027C96C500039C1A6 /* VolunteerIDMakerUITests.xctest */,
			);
			name = Products;
			sourceTree = "<group>";
		};
		ECE2433827C96C4F0039C1A6 /* VolunteerIDMaker */ = {
			isa = PBXGroup;
			children = (
				ECE2433927C96C4F0039C1A6 /* VolunteerIDMakerApp.swift */,
				ECE2433B27C96C4F0039C1A6 /* ContentView.swift */,
				ECE2433D27C96C4F0039C1A6 /* Assets.xcassets */,
				ECE2433F27C96C4F0039C1A6 /* Preview Content */,
			);
			path = VolunteerIDMaker;
			sourceTree = "<group>";
		};
		ECE2433F27C96C4F0039C1A6 /* Preview Content */ = {
			isa = PBXGroup;
			children = (
				ECE2434027C96C4F0039C1A6 /* Preview Assets.xcassets */,
			);
			path = "Preview Content";
			sourceTree = "<group>";
		};
		ECE2434927C96C500039C1A6 /* VolunteerIDMakerTests */ = {
			isa = PBXGroup;
			children = (
				ECE2434A27C96C500039C1A6 /* VolunteerIDMakerTests.swift */,
			);
			path = VolunteerIDMakerTests;
			sourceTree = "<group>";
		};
		ECE2435327C96C500039C1A6 /* VolunteerIDMakerUITests */ = {
			isa = PBXGroup;
			children = (
				ECE2435427C96C500039C1A6 /* VolunteerIDMakerUITests.swift */,
				ECE2435627C96C500039C1A6 /* VolunteerIDMakerUITestsLaunchTests.swift */,
			);
			path = VolunteerIDMakerUITests;
			sourceTree = "<group>";
		};
/* End PBXGroup section */

/* Begin PBXNativeTarget section */
		ECE2433527C96C4F0039C1A6 /* VolunteerIDMaker */ = {
			isa = PBXNativeTarget;
			buildConfigurationList = ECE2435A27C96C500039C1A6 /* Build configuration list for PBXNativeTarget "VolunteerIDMaker" */;
			buildPhases = (
				ECE2433227C96C4F0039C1A6 /* Sources */,
				ECE2433327C96C4F0039C1A6 /* Frameworks */,
				ECE2433427C96C4F0039C1A6 /* Resources */,
			);
			buildRules = (
			);
			dependencies = (
			);
			name = VolunteerIDMaker;
			productName = VolunteerIDMaker;
			productReference = ECE2433627C96C4F0039C1A6 /* VolunteerIDMaker.app */;
			productType = "com.apple.product-type.application";
		};
		ECE2434527C96C500039C1A6 /* VolunteerIDMakerTests */ = {
			isa = PBXNativeTarget;
			buildConfigurationList = ECE2435D27C96C500039C1A6 /* Build configuration list for PBXNativeTarget "VolunteerIDMakerTests" */;
			buildPhases = (
				ECE2434227C96C500039C1A6 /* Sources */,
				ECE2434327C96C500039C1A6 /* Frameworks */,
				ECE2434427C96C500039C1A6 /* Resources */,
			);
			buildRules = (
			);
			dependencies = (
				ECE2434827C96C500039C1A6 /* PBXTargetDependency */,
			);
			name = VolunteerIDMakerTests;
			productName = VolunteerIDMakerTests;
			productReference = ECE2434627C96C500039C1A6 /* VolunteerIDMakerTests.xctest */;
			productType = "com.apple.product-type.bundle.unit-test";
		};
		ECE2434F27C96C500039C1A6 /* VolunteerIDMakerUITests */ = {
			isa = PBXNativeTarget;
			buildConfigurationList = ECE2436027C96C500039C1A6 /* Build configuration list for PBXNativeTarget "VolunteerIDMakerUITests" */;
			buildPhases = (
				ECE2434C27C96C500039C1A6 /* Sources */,
				ECE2434D27C96C500039C1A6 /* Frameworks */,
				ECE2434E27C96C500039C1A6 /* Resources */,
			);
			buildRules = (
			);
			dependencies = (
				ECE2435227C96C500039C1A6 /* PBXTargetDependency */,
			);
			name = VolunteerIDMakerUITests;
			productName = VolunteerIDMakerUITests;
			productReference = ECE2435027C96C500039C1A6 /* VolunteerIDMakerUITests.xctest */;
			productType = "com.apple.product-type.bundle.ui-testing";
		};
/* End PBXNativeTarget section */

/* Begin PBXProject section */
		ECE2432E27C96C4F0039C1A6 /* Project object */ = {
			isa = PBXProject;
			attributes = {
				BuildIndependentTargetsInParallel = 1;
				LastSwiftUpdateCheck = 1320;
				LastUpgradeCheck = 1320;
				TargetAttributes = {
					ECE2433527C96C4F0039C1A6 = {
						CreatedOnToolsVersion = 13.2.1;
					};
					ECE2434527C96C500039C1A6 = {
						CreatedOnToolsVersion = 13.2.1;
						TestTargetID = ECE2433527C96C4F0039C1A6;
					};
					ECE2434F27C96C500039C1A6 = {
						CreatedOnToolsVersion = 13.2.1;
						TestTargetID = ECE2433527C96C4F0039C1A6;
					};
				};
			};
			buildConfigurationList = ECE2433127C96C4F0039C1A6 /* Build configuration list for PBXProject "VolunteerIDMaker" */;
			compatibilityVersion = "Xcode 13.0";
			developmentRegion = en;
			hasScannedForEncodings = 0;
			knownRegions = (
				en,
				Base,
			);
			mainGroup = ECE2432D27C96C4F0039C1A6;
			productRefGroup = ECE2433727C96C4F0039C1A6 /* Products */;
			projectDirPath = "";
			projectRoot = "";
			targets = (
				ECE2433527C96C4F0039C1A6 /* VolunteerIDMaker */,
				ECE2434527C96C500039C1A6 /* VolunteerIDMakerTests */,
				ECE2434F27C96C500039C1A6 /* VolunteerIDMakerUITests */,
			);
		};
/* End PBXProject section */

/* Begin PBXResourcesBuildPhase section */
		ECE2433427C96C4F0039C1A6 /* Resources */ = {
			isa = PBXResourcesBuildPhase;
			buildActionMask = 2147483647;
			files = (
				EC23681627CD6392003751B0 /* LICENSE in Resources */,
				ECE2434127C96C4F0039C1A6 /* Preview Assets.xcassets in Resources */,
				EC23681727CD6392003751B0 /* README.md in Resources */,
				ECE2433E27C96C4F0039C1A6 /* Assets.xcassets in Resources */,
			);
			runOnlyForDeploymentPostprocessing = 0;
		};
		ECE2434427C96C500039C1A6 /* Resources */ = {
			isa = PBXResourcesBuildPhase;
			buildActionMask = 2147483647;
			files = (
			);
			runOnlyForDeploymentPostprocessing = 0;
		};
		ECE2434E27C96C500039C1A6 /* Resources */ = {
			isa = PBXResourcesBuildPhase;
			buildActionMask = 2147483647;
			files = (
			);
			runOnlyForDeploymentPostprocessing = 0;
		};
/* End PBXResourcesBuildPhase section */

/* Begin PBXSourcesBuildPhase section */
		ECE2433227C96C4F0039C1A6 /* Sources */ = {
			isa = PBXSourcesBuildPhase;
			buildActionMask = 2147483647;
			files = (
				ECE2433C27C96C4F0039C1A6 /* ContentView.swift in Sources */,
				ECE2433A27C96C4F0039C1A6 /* VolunteerIDMakerApp.swift in Sources */,
			);
			runOnlyForDeploymentPostprocessing = 0;
		};
		ECE2434227C96C500039C1A6 /* Sources */ = {
			isa = PBXSourcesBuildPhase;
			buildActionMask = 2147483647;
			files = (
				ECE2434B27C96C500039C1A6 /* VolunteerIDMakerTests.swift in Sources */,
			);
			runOnlyForDeploymentPostprocessing = 0;
		};
		ECE2434C27C96C500039C1A6 /* Sources */ = {
			isa = PBXSourcesBuildPhase;
			buildActionMask = 2147483647;
			files = (
				ECE2435527C96C500039C1A6 /* VolunteerIDMakerUITests.swift in Sources */,
				ECE2435727C96C500039C1A6 /* VolunteerIDMakerUITestsLaunchTests.swift in Sources */,
			);
			runOnlyForDeploymentPostprocessing = 0;
		};
/* End PBXSourcesBuildPhase section */

/* Begin PBXTargetDependency section */
		ECE2434827C96C500039C1A6 /* PBXTargetDependency */ = {
			isa = PBXTargetDependency;
			target = ECE2433527C96C4F0039C1A6 /* VolunteerIDMaker */;
			targetProxy = ECE2434727C96C500039C1A6 /* PBXContainerItemProxy */;
		};
		ECE2435227C96C500039C1A6 /* PBXTargetDependency */ = {
			isa = PBXTargetDependency;
			target = ECE2433527C96C4F0039C1A6 /* VolunteerIDMaker */;
			targetProxy = ECE2435127C96C500039C1A6 /* PBXContainerItemProxy */;
		};
/* End PBXTargetDependency section */

/* Begin XCBuildConfiguration section */
		ECE2435827C96C500039C1A6 /* Debug */ = {
			isa = XCBuildConfiguration;
			buildSettings = {
				ALWAYS_SEARCH_USER_PATHS = NO;
				CLANG_ANALYZER_NONNULL = YES;
				CLANG_ANALYZER_NUMBER_OBJECT_CONVERSION = YES_AGGRESSIVE;
				CLANG_CXX_LANGUAGE_STANDARD = "gnu++17";
				CLANG_CXX_LIBRARY = "libc++";
				CLANG_ENABLE_MODULES = YES;
				CLANG_ENABLE_OBJC_ARC = YES;
				CLANG_ENABLE_OBJC_WEAK = YES;
				CLANG_WARN_BLOCK_CAPTURE_AUTORELEASING = YES;
				CLANG_WARN_BOOL_CONVERSION = YES;
				CLANG_WARN_COMMA = YES;
				CLANG_WARN_CONSTANT_CONVERSION = YES;
				CLANG_WARN_DEPRECATED_OBJC_IMPLEMENTATIONS = YES;
				CLANG_WARN_DIRECT_OBJC_ISA_USAGE = YES_ERROR;
				CLANG_WARN_DOCUMENTATION_COMMENTS = YES;
				CLANG_WARN_EMPTY_BODY = YES;
				CLANG_WARN_ENUM_CONVERSION = YES;
				CLANG_WARN_INFINITE_RECURSION = YES;
				CLANG_WARN_INT_CONVERSION = YES;
				CLANG_WARN_NON_LITERAL_NULL_CONVERSION = YES;
				CLANG_WARN_OBJC_IMPLICIT_RETAIN_SELF = YES;
				CLANG_WARN_OBJC_LITERAL_CONVERSION = YES;
				CLANG_WARN_OBJC_ROOT_CLASS = YES_ERROR;
				CLANG_WARN_QUOTED_INCLUDE_IN_FRAMEWORK_HEADER = YES;
				CLANG_WARN_RANGE_LOOP_ANALYSIS = YES;
				CLANG_WARN_STRICT_PROTOTYPES = YES;
				CLANG_WARN_SUSPICIOUS_MOVE = YES;
				CLANG_WARN_UNGUARDED_AVAILABILITY = YES_AGGRESSIVE;
				CLANG_WARN_UNREACHABLE_CODE = YES;
				CLANG_WARN__DUPLICATE_METHOD_MATCH = YES;
				COPY_PHASE_STRIP = NO;
				DEBUG_INFORMATION_FORMAT = dwarf;
				ENABLE_STRICT_OBJC_MSGSEND = YES;
				ENABLE_TESTABILITY = YES;
				GCC_C_LANGUAGE_STANDARD = gnu11;
				GCC_DYNAMIC_NO_PIC = NO;
				GCC_NO_COMMON_BLOCKS = YES;
				GCC_OPTIMIZATION_LEVEL = 0;
				GCC_PREPROCESSOR_DEFINITIONS = (
					"DEBUG=1",
					"$(inherited)",
				);
				GCC_WARN_64_TO_32_BIT_CONVERSION = YES;
				GCC_WARN_ABOUT_RETURN_TYPE = YES_ERROR;
				GCC_WARN_UNDECLARED_SELECTOR = YES;
				GCC_WARN_UNINITIALIZED_AUTOS = YES_AGGRESSIVE;
				GCC_WARN_UNUSED_FUNCTION = YES;
				GCC_WARN_UNUSED_VARIABLE = YES;
				IPHONEOS_DEPLOYMENT_TARGET = 15.2;
				MTL_ENABLE_DEBUG_INFO = INCLUDE_SOURCE;
				MTL_FAST_MATH = YES;
				ONLY_ACTIVE_ARCH = YES;
				SDKROOT = iphoneos;
				SWIFT_ACTIVE_COMPILATION_CONDITIONS = DEBUG;
				SWIFT_OPTIMIZATION_LEVEL = "-Onone";
			};
			name = Debug;
		};
		ECE2435927C96C500039C1A6 /* Release */ = {
			isa = XCBuildConfiguration;
			buildSettings = {
				ALWAYS_SEARCH_USER_PATHS = NO;
				CLANG_ANALYZER_NONNULL = YES;
				CLANG_ANALYZER_NUMBER_OBJECT_CONVERSION = YES_AGGRESSIVE;
				CLANG_CXX_LANGUAGE_STANDARD = "gnu++17";
				CLANG_CXX_LIBRARY = "libc++";
				CLANG_ENABLE_MODULES = YES;
				CLANG_ENABLE_OBJC_ARC = YES;
				CLANG_ENABLE_OBJC_WEAK = YES;
				CLANG_WARN_BLOCK_CAPTURE_AUTORELEASING = YES;
				CLANG_WARN_BOOL_CONVERSION = YES;
				CLANG_WARN_COMMA = YES;
				CLANG_WARN_CONSTANT_CONVERSION = YES;
				CLANG_WARN_DEPRECATED_OBJC_IMPLEMENTATIONS = YES;
				CLANG_WARN_DIRECT_OBJC_ISA_USAGE = YES_ERROR;
				CLANG_WARN_DOCUMENTATION_COMMENTS = YES;
				CLANG_WARN_EMPTY_BODY = YES;
				CLANG_WARN_ENUM_CONVERSION = YES;
				CLANG_WARN_INFINITE_RECURSION = YES;
				CLANG_WARN_INT_CONVERSION = YES;
				CLANG_WARN_NON_LITERAL_NULL_CONVERSION = YES;
				CLANG_WARN_OBJC_IMPLICIT_RETAIN_SELF = YES;
				CLANG_WARN_OBJC_LITERAL_CONVERSION = YES;
				CLANG_WARN_OBJC_ROOT_CLASS = YES_ERROR;
				CLANG_WARN_QUOTED_INCLUDE_IN_FRAMEWORK_HEADER = YES;
				CLANG_WARN_RANGE_LOOP_ANALYSIS = YES;
				CLANG_WARN_STRICT_PROTOTYPES = YES;
				CLANG_WARN_SUSPICIOUS_MOVE = YES;
				CLANG_WARN_UNGUARDED_AVAILABILITY = YES_AGGRESSIVE;
				CLANG_WARN_UNREACHABLE_CODE = YES;
				CLANG_WARN__DUPLICATE_METHOD_MATCH = YES;
				COPY_PHASE_STRIP = NO;
				DEBUG_INFORMATION_FORMAT = "dwarf-with-dsym";
				ENABLE_NS_ASSERTIONS = NO;
				ENABLE_STRICT_OBJC_MSGSEND = YES;
				GCC_C_LANGUAGE_STANDARD = gnu11;
				GCC_NO_COMMON_BLOCKS = YES;
				GCC_WARN_64_TO_32_BIT_CONVERSION = YES;
				GCC_WARN_ABOUT_RETURN_TYPE = YES_ERROR;
				GCC_WARN_UNDECLARED_SELECTOR = YES;
				GCC_WARN_UNINITIALIZED_AUTOS = YES_AGGRESSIVE;
				GCC_WARN_UNUSED_FUNCTION = YES;
				GCC_WARN_UNUSED_VARIABLE = YES;
				IPHONEOS_DEPLOYMENT_TARGET = 15.2;
				MTL_ENABLE_DEBUG_INFO = NO;
				MTL_FAST_MATH = YES;
				SDKROOT = iphoneos;
				SWIFT_COMPILATION_MODE = wholemodule;
				SWIFT_OPTIMIZATION_LEVEL = "-O";
				VALIDATE_PRODUCT = YES;
			};
			name = Release;
		};
		ECE2435B27C96C500039C1A6 /* Debug */ = {
			isa = XCBuildConfiguration;
			buildSettings = {
				ASSETCATALOG_COMPILER_APPICON_NAME = AppIcon;
				ASSETCATALOG_COMPILER_GLOBAL_ACCENT_COLOR_NAME = AccentColor;
				CODE_SIGN_STYLE = Automatic;
				CURRENT_PROJECT_VERSION = 1;
				DEVELOPMENT_ASSET_PATHS = "\"VolunteerIDMaker/Preview Content\"";
				ENABLE_PREVIEWS = YES;
				GENERATE_INFOPLIST_FILE = YES;
				INFOPLIST_KEY_UIApplicationSceneManifest_Generation = YES;
				INFOPLIST_KEY_UIApplicationSupportsIndirectInputEvents = YES;
				INFOPLIST_KEY_UILaunchScreen_Generation = YES;
				INFOPLIST_KEY_UISupportedInterfaceOrientations_iPad = "UIInterfaceOrientationPortrait UIInterfaceOrientationPortraitUpsideDown UIInterfaceOrientationLandscapeLeft UIInterfaceOrientationLandscapeRight";
				INFOPLIST_KEY_UISupportedInterfaceOrientations_iPhone = "UIInterfaceOrientationPortrait UIInterfaceOrientationLandscapeLeft UIInterfaceOrientationLandscapeRight";
				LD_RUNPATH_SEARCH_PATHS = (
					"$(inherited)",
					"@executable_path/Frameworks",
				);
				MARKETING_VERSION = 1.0;
				PRODUCT_BUNDLE_IDENTIFIER = edu.fuulerton.ecs.223w.VolunteerIDMaker;
				PRODUCT_NAME = "$(TARGET_NAME)";
				SWIFT_EMIT_LOC_STRINGS = YES;
				SWIFT_VERSION = 5.0;
				TARGETED_DEVICE_FAMILY = "1,2";
			};
			name = Debug;
		};
		ECE2435C27C96C500039C1A6 /* Release */ = {
			isa = XCBuildConfiguration;
			buildSettings = {
				ASSETCATALOG_COMPILER_APPICON_NAME = AppIcon;
				ASSETCATALOG_COMPILER_GLOBAL_ACCENT_COLOR_NAME = AccentColor;
				CODE_SIGN_STYLE = Automatic;
				CURRENT_PROJECT_VERSION = 1;
				DEVELOPMENT_ASSET_PATHS = "\"VolunteerIDMaker/Preview Content\"";
				ENABLE_PREVIEWS = YES;
				GENERATE_INFOPLIST_FILE = YES;
				INFOPLIST_KEY_UIApplicationSceneManifest_Generation = YES;
				INFOPLIST_KEY_UIApplicationSupportsIndirectInputEvents = YES;
				INFOPLIST_KEY_UILaunchScreen_Generation = YES;
				INFOPLIST_KEY_UISupportedInterfaceOrientations_iPad = "UIInterfaceOrientationPortrait UIInterfaceOrientationPortraitUpsideDown UIInterfaceOrientationLandscapeLeft UIInterfaceOrientationLandscapeRight";
				INFOPLIST_KEY_UISupportedInterfaceOrientations_iPhone = "UIInterfaceOrientationPortrait UIInterfaceOrientationLandscapeLeft UIInterfaceOrientationLandscapeRight";
				LD_RUNPATH_SEARCH_PATHS = (
					"$(inherited)",
					"@executable_path/Frameworks",
				);
				MARKETING_VERSION = 1.0;
				PRODUCT_BUNDLE_IDENTIFIER = edu.fuulerton.ecs.223w.VolunteerIDMaker;
				PRODUCT_NAME = "$(TARGET_NAME)";
				SWIFT_EMIT_LOC_STRINGS = YES;
				SWIFT_VERSION = 5.0;
				TARGETED_DEVICE_FAMILY = "1,2";
			};
			name = Release;
		};
		ECE2435E27C96C500039C1A6 /* Debug */ = {
			isa = XCBuildConfiguration;
			buildSettings = {
				ALWAYS_EMBED_SWIFT_STANDARD_LIBRARIES = YES;
				BUNDLE_LOADER = "$(TEST_HOST)";
				CODE_SIGN_STYLE = Automatic;
				CURRENT_PROJECT_VERSION = 1;
				GENERATE_INFOPLIST_FILE = YES;
				IPHONEOS_DEPLOYMENT_TARGET = 15.2;
				MARKETING_VERSION = 1.0;
				PRODUCT_BUNDLE_IDENTIFIER = edu.fuulerton.ecs.223w.VolunteerIDMakerTests;
				PRODUCT_NAME = "$(TARGET_NAME)";
				SWIFT_EMIT_LOC_STRINGS = NO;
				SWIFT_VERSION = 5.0;
				TARGETED_DEVICE_FAMILY = "1,2";
				TEST_HOST = "$(BUILT_PRODUCTS_DIR)/VolunteerIDMaker.app/VolunteerIDMaker";
			};
			name = Debug;
		};
		ECE2435F27C96C500039C1A6 /* Release */ = {
			isa = XCBuildConfiguration;
			buildSettings = {
				ALWAYS_EMBED_SWIFT_STANDARD_LIBRARIES = YES;
				BUNDLE_LOADER = "$(TEST_HOST)";
				CODE_SIGN_STYLE = Automatic;
				CURRENT_PROJECT_VERSION = 1;
				GENERATE_INFOPLIST_FILE = YES;
				IPHONEOS_DEPLOYMENT_TARGET = 15.2;
				MARKETING_VERSION = 1.0;
				PRODUCT_BUNDLE_IDENTIFIER = edu.fuulerton.ecs.223w.VolunteerIDMakerTests;
				PRODUCT_NAME = "$(TARGET_NAME)";
				SWIFT_EMIT_LOC_STRINGS = NO;
				SWIFT_VERSION = 5.0;
				TARGETED_DEVICE_FAMILY = "1,2";
				TEST_HOST = "$(BUILT_PRODUCTS_DIR)/VolunteerIDMaker.app/VolunteerIDMaker";
			};
			name = Release;
		};
		ECE2436127C96C500039C1A6 /* Debug */ = {
			isa = XCBuildConfiguration;
			buildSettings = {
				ALWAYS_EMBED_SWIFT_STANDARD_LIBRARIES = YES;
				CODE_SIGN_STYLE = Automatic;
				CURRENT_PROJECT_VERSION = 1;
				GENERATE_INFOPLIST_FILE = YES;
				MARKETING_VERSION = 1.0;
				PRODUCT_BUNDLE_IDENTIFIER = edu.fuulerton.ecs.223w.VolunteerIDMakerUITests;
				PRODUCT_NAME = "$(TARGET_NAME)";
				SWIFT_EMIT_LOC_STRINGS = NO;
				SWIFT_VERSION = 5.0;
				TARGETED_DEVICE_FAMILY = "1,2";
				TEST_TARGET_NAME = VolunteerIDMaker;
			};
			name = Debug;
		};
		ECE2436227C96C500039C1A6 /* Release */ = {
			isa = XCBuildConfiguration;
			buildSettings = {
				ALWAYS_EMBED_SWIFT_STANDARD_LIBRARIES = YES;
				CODE_SIGN_STYLE = Automatic;
				CURRENT_PROJECT_VERSION = 1;
				GENERATE_INFOPLIST_FILE = YES;
				MARKETING_VERSION = 1.0;
				PRODUCT_BUNDLE_IDENTIFIER = edu.fuulerton.ecs.223w.VolunteerIDMakerUITests;
				PRODUCT_NAME = "$(TARGET_NAME)";
				SWIFT_EMIT_LOC_STRINGS = NO;
				SWIFT_VERSION = 5.0;
				TARGETED_DEVICE_FAMILY = "1,2";
				TEST_TARGET_NAME = VolunteerIDMaker;
			};
			name = Release;
		};
/* End XCBuildConfiguration section */

/* Begin XCConfigurationList section */
		ECE2433127C96C4F0039C1A6 /* Build configuration list for PBXProject "VolunteerIDMaker" */ = {
			isa = XCConfigurationList;
			buildConfigurations = (
				ECE2435827C96C500039C1A6 /* Debug */,
				ECE2435927C96C500039C1A6 /* Release */,
			);
			defaultConfigurationIsVisible = 0;
			defaultConfigurationName = Release;
		};
		ECE2435A27C96C500039C1A6 /* Build configuration list for PBXNativeTarget "VolunteerIDMaker" */ = {
			isa = XCConfigurationList;
			buildConfigurations = (
				ECE2435B27C96C500039C1A6 /* Debug */,
				ECE2435C27C96C500039C1A6 /* Release */,
			);
			defaultConfigurationIsVisible = 0;
			defaultConfigurationName = Release;
		};
		ECE2435D27C96C500039C1A6 /* Build configuration list for PBXNativeTarget "VolunteerIDMakerTests" */ = {
			isa = XCConfigurationList;
			buildConfigurations = (
				ECE2435E27C96C500039C1A6 /* Debug */,
				ECE2435F27C96C500039C1A6 /* Release */,
			);
			defaultConfigurationIsVisible = 0;
			defaultConfigurationName = Release;
		};
		ECE2436027C96C500039C1A6 /* Build configuration list for PBXNativeTarget "VolunteerIDMakerUITests" */ = {
			isa = XCConfigurationList;
			buildConfigurations = (
				ECE2436127C96C500039C1A6 /* Debug */,
				ECE2436227C96C500039C1A6 /* Release */,
			);
			defaultConfigurationIsVisible = 0;
			defaultConfigurationName = Release;
		};
/* End XCConfigurationList section */
	};
	rootObject = ECE2432E27C96C4F0039C1A6 /* Project object */;
}
