// !$*UTF8*$!
{
	archiveVersion = 1;
	classes = {
	};
	objectVersion = 55;
	objects = {

/* Begin PBXBuildFile section */
		ECC623342808CE8C00D74BBB /* ProfileApp.swift in Sources */ = {isa = PBXBuildFile; fileRef = ECC623332808CE8C00D74BBB /* ProfileApp.swift */; };
		ECC623362808CE8C00D74BBB /* ContentView.swift in Sources */ = {isa = PBXBuildFile; fileRef = ECC623352808CE8C00D74BBB /* ContentView.swift */; };
		ECC623382808CE9000D74BBB /* Assets.xcassets in Resources */ = {isa = PBXBuildFile; fileRef = ECC623372808CE9000D74BBB /* Assets.xcassets */; };
		ECC6233B2808CE9000D74BBB /* Preview Assets.xcassets in Resources */ = {isa = PBXBuildFile; fileRef = ECC6233A2808CE9000D74BBB /* Preview Assets.xcassets */; };
		ECC623452808CE9000D74BBB /* ProfileTests.swift in Sources */ = {isa = PBXBuildFile; fileRef = ECC623442808CE9000D74BBB /* ProfileTests.swift */; };
		ECC6234F2808CE9000D74BBB /* ProfileUITests.swift in Sources */ = {isa = PBXBuildFile; fileRef = ECC6234E2808CE9000D74BBB /* ProfileUITests.swift */; };
		ECC623512808CE9000D74BBB /* ProfileUITestsLaunchTests.swift in Sources */ = {isa = PBXBuildFile; fileRef = ECC623502808CE9000D74BBB /* ProfileUITestsLaunchTests.swift */; };
		ECC623602808CEB400D74BBB /* .gitignore in Resources */ = {isa = PBXBuildFile; fileRef = ECC6235F2808CEB400D74BBB /* .gitignore */; };
		ECC623642808D1D100D74BBB /* Shape.swift in Sources */ = {isa = PBXBuildFile; fileRef = ECC623632808D1D100D74BBB /* Shape.swift */; };
/* End PBXBuildFile section */

/* Begin PBXContainerItemProxy section */
		ECC623412808CE9000D74BBB /* PBXContainerItemProxy */ = {
			isa = PBXContainerItemProxy;
			containerPortal = ECC623282808CE8C00D74BBB /* Project object */;
			proxyType = 1;
			remoteGlobalIDString = ECC6232F2808CE8C00D74BBB;
			remoteInfo = Profile;
		};
		ECC6234B2808CE9000D74BBB /* PBXContainerItemProxy */ = {
			isa = PBXContainerItemProxy;
			containerPortal = ECC623282808CE8C00D74BBB /* Project object */;
			proxyType = 1;
			remoteGlobalIDString = ECC6232F2808CE8C00D74BBB;
			remoteInfo = Profile;
		};
/* End PBXContainerItemProxy section */

/* Begin PBXFileReference section */
		ECC623302808CE8C00D74BBB /* Profile.app */ = {isa = PBXFileReference; explicitFileType = wrapper.application; includeInIndex = 0; path = Profile.app; sourceTree = BUILT_PRODUCTS_DIR; };
		ECC623332808CE8C00D74BBB /* ProfileApp.swift */ = {isa = PBXFileReference; lastKnownFileType = sourcecode.swift; path = ProfileApp.swift; sourceTree = "<group>"; };
		ECC623352808CE8C00D74BBB /* ContentView.swift */ = {isa = PBXFileReference; lastKnownFileType = sourcecode.swift; path = ContentView.swift; sourceTree = "<group>"; };
		ECC623372808CE9000D74BBB /* Assets.xcassets */ = {isa = PBXFileReference; lastKnownFileType = folder.assetcatalog; path = Assets.xcassets; sourceTree = "<group>"; };
		ECC6233A2808CE9000D74BBB /* Preview Assets.xcassets */ = {isa = PBXFileReference; lastKnownFileType = folder.assetcatalog; path = "Preview Assets.xcassets"; sourceTree = "<group>"; };
		ECC623402808CE9000D74BBB /* ProfileTests.xctest */ = {isa = PBXFileReference; explicitFileType = wrapper.cfbundle; includeInIndex = 0; path = ProfileTests.xctest; sourceTree = BUILT_PRODUCTS_DIR; };
		ECC623442808CE9000D74BBB /* ProfileTests.swift */ = {isa = PBXFileReference; lastKnownFileType = sourcecode.swift; path = ProfileTests.swift; sourceTree = "<group>"; };
		ECC6234A2808CE9000D74BBB /* ProfileUITests.xctest */ = {isa = PBXFileReference; explicitFileType = wrapper.cfbundle; includeInIndex = 0; path = ProfileUITests.xctest; sourceTree = BUILT_PRODUCTS_DIR; };
		ECC6234E2808CE9000D74BBB /* ProfileUITests.swift */ = {isa = PBXFileReference; lastKnownFileType = sourcecode.swift; path = ProfileUITests.swift; sourceTree = "<group>"; };
		ECC623502808CE9000D74BBB /* ProfileUITestsLaunchTests.swift */ = {isa = PBXFileReference; lastKnownFileType = sourcecode.swift; path = ProfileUITestsLaunchTests.swift; sourceTree = "<group>"; };
		ECC6235F2808CEB400D74BBB /* .gitignore */ = {isa = PBXFileReference; lastKnownFileType = text; path = .gitignore; sourceTree = "<group>"; };
		ECC623632808D1D100D74BBB /* Shape.swift */ = {isa = PBXFileReference; lastKnownFileType = sourcecode.swift; path = Shape.swift; sourceTree = "<group>"; };
/* End PBXFileReference section */

/* Begin PBXFrameworksBuildPhase section */
		ECC6232D2808CE8C00D74BBB /* Frameworks */ = {
			isa = PBXFrameworksBuildPhase;
			buildActionMask = 2147483647;
			files = (
			);
			runOnlyForDeploymentPostprocessing = 0;
		};
		ECC6233D2808CE9000D74BBB /* Frameworks */ = {
			isa = PBXFrameworksBuildPhase;
			buildActionMask = 2147483647;
			files = (
			);
			runOnlyForDeploymentPostprocessing = 0;
		};
		ECC623472808CE9000D74BBB /* Frameworks */ = {
			isa = PBXFrameworksBuildPhase;
			buildActionMask = 2147483647;
			files = (
			);
			runOnlyForDeploymentPostprocessing = 0;
		};
/* End PBXFrameworksBuildPhase section */

/* Begin PBXGroup section */
		ECC623272808CE8C00D74BBB = {
			isa = PBXGroup;
			children = (
				ECC6235F2808CEB400D74BBB /* .gitignore */,
				ECC623322808CE8C00D74BBB /* Profile */,
				ECC623432808CE9000D74BBB /* ProfileTests */,
				ECC6234D2808CE9000D74BBB /* ProfileUITests */,
				ECC623312808CE8C00D74BBB /* Products */,
			);
			sourceTree = "<group>";
		};
		ECC623312808CE8C00D74BBB /* Products */ = {
			isa = PBXGroup;
			children = (
				ECC623302808CE8C00D74BBB /* Profile.app */,
				ECC623402808CE9000D74BBB /* ProfileTests.xctest */,
				ECC6234A2808CE9000D74BBB /* ProfileUITests.xctest */,
			);
			name = Products;
			sourceTree = "<group>";
		};
		ECC623322808CE8C00D74BBB /* Profile */ = {
			isa = PBXGroup;
			children = (
				ECC623332808CE8C00D74BBB /* ProfileApp.swift */,
				ECC623352808CE8C00D74BBB /* ContentView.swift */,
				ECC623632808D1D100D74BBB /* Shape.swift */,
				ECC623372808CE9000D74BBB /* Assets.xcassets */,
				ECC623392808CE9000D74BBB /* Preview Content */,
			);
			path = Profile;
			sourceTree = "<group>";
		};
		ECC623392808CE9000D74BBB /* Preview Content */ = {
			isa = PBXGroup;
			children = (
				ECC6233A2808CE9000D74BBB /* Preview Assets.xcassets */,
			);
			path = "Preview Content";
			sourceTree = "<group>";
		};
		ECC623432808CE9000D74BBB /* ProfileTests */ = {
			isa = PBXGroup;
			children = (
				ECC623442808CE9000D74BBB /* ProfileTests.swift */,
			);
			path = ProfileTests;
			sourceTree = "<group>";
		};
		ECC6234D2808CE9000D74BBB /* ProfileUITests */ = {
			isa = PBXGroup;
			children = (
				ECC6234E2808CE9000D74BBB /* ProfileUITests.swift */,
				ECC623502808CE9000D74BBB /* ProfileUITestsLaunchTests.swift */,
			);
			path = ProfileUITests;
			sourceTree = "<group>";
		};
/* End PBXGroup section */

/* Begin PBXNativeTarget section */
		ECC6232F2808CE8C00D74BBB /* Profile */ = {
			isa = PBXNativeTarget;
			buildConfigurationList = ECC623542808CE9000D74BBB /* Build configuration list for PBXNativeTarget "Profile" */;
			buildPhases = (
				ECC6232C2808CE8C00D74BBB /* Sources */,
				ECC6232D2808CE8C00D74BBB /* Frameworks */,
				ECC6232E2808CE8C00D74BBB /* Resources */,
			);
			buildRules = (
			);
			dependencies = (
			);
			name = Profile;
			productName = Profile;
			productReference = ECC623302808CE8C00D74BBB /* Profile.app */;
			productType = "com.apple.product-type.application";
		};
		ECC6233F2808CE9000D74BBB /* ProfileTests */ = {
			isa = PBXNativeTarget;
			buildConfigurationList = ECC623572808CE9000D74BBB /* Build configuration list for PBXNativeTarget "ProfileTests" */;
			buildPhases = (
				ECC6233C2808CE9000D74BBB /* Sources */,
				ECC6233D2808CE9000D74BBB /* Frameworks */,
				ECC6233E2808CE9000D74BBB /* Resources */,
			);
			buildRules = (
			);
			dependencies = (
				ECC623422808CE9000D74BBB /* PBXTargetDependency */,
			);
			name = ProfileTests;
			productName = ProfileTests;
			productReference = ECC623402808CE9000D74BBB /* ProfileTests.xctest */;
			productType = "com.apple.product-type.bundle.unit-test";
		};
		ECC623492808CE9000D74BBB /* ProfileUITests */ = {
			isa = PBXNativeTarget;
			buildConfigurationList = ECC6235A2808CE9000D74BBB /* Build configuration list for PBXNativeTarget "ProfileUITests" */;
			buildPhases = (
				ECC623462808CE9000D74BBB /* Sources */,
				ECC623472808CE9000D74BBB /* Frameworks */,
				ECC623482808CE9000D74BBB /* Resources */,
			);
			buildRules = (
			);
			dependencies = (
				ECC6234C2808CE9000D74BBB /* PBXTargetDependency */,
			);
			name = ProfileUITests;
			productName = ProfileUITests;
			productReference = ECC6234A2808CE9000D74BBB /* ProfileUITests.xctest */;
			productType = "com.apple.product-type.bundle.ui-testing";
		};
/* End PBXNativeTarget section */

/* Begin PBXProject section */
		ECC623282808CE8C00D74BBB /* Project object */ = {
			isa = PBXProject;
			attributes = {
				BuildIndependentTargetsInParallel = 1;
				LastSwiftUpdateCheck = 1330;
				LastUpgradeCheck = 1330;
				TargetAttributes = {
					ECC6232F2808CE8C00D74BBB = {
						CreatedOnToolsVersion = 13.3.1;
					};
					ECC6233F2808CE9000D74BBB = {
						CreatedOnToolsVersion = 13.3.1;
						TestTargetID = ECC6232F2808CE8C00D74BBB;
					};
					ECC623492808CE9000D74BBB = {
						CreatedOnToolsVersion = 13.3.1;
						TestTargetID = ECC6232F2808CE8C00D74BBB;
					};
				};
			};
			buildConfigurationList = ECC6232B2808CE8C00D74BBB /* Build configuration list for PBXProject "Profile" */;
			compatibilityVersion = "Xcode 13.0";
			developmentRegion = en;
			hasScannedForEncodings = 0;
			knownRegions = (
				en,
				Base,
			);
			mainGroup = ECC623272808CE8C00D74BBB;
			productRefGroup = ECC623312808CE8C00D74BBB /* Products */;
			projectDirPath = "";
			projectRoot = "";
			targets = (
				ECC6232F2808CE8C00D74BBB /* Profile */,
				ECC6233F2808CE9000D74BBB /* ProfileTests */,
				ECC623492808CE9000D74BBB /* ProfileUITests */,
			);
		};
/* End PBXProject section */

/* Begin PBXResourcesBuildPhase section */
		ECC6232E2808CE8C00D74BBB /* Resources */ = {
			isa = PBXResourcesBuildPhase;
			buildActionMask = 2147483647;
			files = (
				ECC6233B2808CE9000D74BBB /* Preview Assets.xcassets in Resources */,
				ECC623602808CEB400D74BBB /* .gitignore in Resources */,
				ECC623382808CE9000D74BBB /* Assets.xcassets in Resources */,
			);
			runOnlyForDeploymentPostprocessing = 0;
		};
		ECC6233E2808CE9000D74BBB /* Resources */ = {
			isa = PBXResourcesBuildPhase;
			buildActionMask = 2147483647;
			files = (
			);
			runOnlyForDeploymentPostprocessing = 0;
		};
		ECC623482808CE9000D74BBB /* Resources */ = {
			isa = PBXResourcesBuildPhase;
			buildActionMask = 2147483647;
			files = (
			);
			runOnlyForDeploymentPostprocessing = 0;
		};
/* End PBXResourcesBuildPhase section */

/* Begin PBXSourcesBuildPhase section */
		ECC6232C2808CE8C00D74BBB /* Sources */ = {
			isa = PBXSourcesBuildPhase;
			buildActionMask = 2147483647;
			files = (
				ECC623362808CE8C00D74BBB /* ContentView.swift in Sources */,
				ECC623642808D1D100D74BBB /* Shape.swift in Sources */,
				ECC623342808CE8C00D74BBB /* ProfileApp.swift in Sources */,
			);
			runOnlyForDeploymentPostprocessing = 0;
		};
		ECC6233C2808CE9000D74BBB /* Sources */ = {
			isa = PBXSourcesBuildPhase;
			buildActionMask = 2147483647;
			files = (
				ECC623452808CE9000D74BBB /* ProfileTests.swift in Sources */,
			);
			runOnlyForDeploymentPostprocessing = 0;
		};
		ECC623462808CE9000D74BBB /* Sources */ = {
			isa = PBXSourcesBuildPhase;
			buildActionMask = 2147483647;
			files = (
				ECC623512808CE9000D74BBB /* ProfileUITestsLaunchTests.swift in Sources */,
				ECC6234F2808CE9000D74BBB /* ProfileUITests.swift in Sources */,
			);
			runOnlyForDeploymentPostprocessing = 0;
		};
/* End PBXSourcesBuildPhase section */

/* Begin PBXTargetDependency section */
		ECC623422808CE9000D74BBB /* PBXTargetDependency */ = {
			isa = PBXTargetDependency;
			target = ECC6232F2808CE8C00D74BBB /* Profile */;
			targetProxy = ECC623412808CE9000D74BBB /* PBXContainerItemProxy */;
		};
		ECC6234C2808CE9000D74BBB /* PBXTargetDependency */ = {
			isa = PBXTargetDependency;
			target = ECC6232F2808CE8C00D74BBB /* Profile */;
			targetProxy = ECC6234B2808CE9000D74BBB /* PBXContainerItemProxy */;
		};
/* End PBXTargetDependency section */

/* Begin XCBuildConfiguration section */
		ECC623522808CE9000D74BBB /* Debug */ = {
			isa = XCBuildConfiguration;
			buildSettings = {
				ALWAYS_SEARCH_USER_PATHS = NO;
				CLANG_ANALYZER_NONNULL = YES;
				CLANG_ANALYZER_NUMBER_OBJECT_CONVERSION = YES_AGGRESSIVE;
				CLANG_CXX_LANGUAGE_STANDARD = "gnu++17";
				CLANG_ENABLE_MODULES = YES;
				CLANG_ENABLE_OBJC_ARC = YES;
				CLANG_ENABLE_OBJC_WEAK = YES;
				CLANG_WARN_BLOCK_CAPTURE_AUTORELEASING = YES;
				CLANG_WARN_BOOL_CONVERSION = YES;
				CLANG_WARN_COMMA = YES;
				CLANG_WARN_CONSTANT_CONVERSION = YES;
				CLANG_WARN_DEPRECATED_OBJC_IMPLEMENTATIONS = YES;
				CLANG_WARN_DIRECT_OBJC_ISA_USAGE = YES_ERROR;
				CLANG_WARN_DOCUMENTATION_COMMENTS = YES;
				CLANG_WARN_EMPTY_BODY = YES;
				CLANG_WARN_ENUM_CONVERSION = YES;
				CLANG_WARN_INFINITE_RECURSION = YES;
				CLANG_WARN_INT_CONVERSION = YES;
				CLANG_WARN_NON_LITERAL_NULL_CONVERSION = YES;
				CLANG_WARN_OBJC_IMPLICIT_RETAIN_SELF = YES;
				CLANG_WARN_OBJC_LITERAL_CONVERSION = YES;
				CLANG_WARN_OBJC_ROOT_CLASS = YES_ERROR;
				CLANG_WARN_QUOTED_INCLUDE_IN_FRAMEWORK_HEADER = YES;
				CLANG_WARN_RANGE_LOOP_ANALYSIS = YES;
				CLANG_WARN_STRICT_PROTOTYPES = YES;
				CLANG_WARN_SUSPICIOUS_MOVE = YES;
				CLANG_WARN_UNGUARDED_AVAILABILITY = YES_AGGRESSIVE;
				CLANG_WARN_UNREACHABLE_CODE = YES;
				CLANG_WARN__DUPLICATE_METHOD_MATCH = YES;
				COPY_PHASE_STRIP = NO;
				DEBUG_INFORMATION_FORMAT = dwarf;
				ENABLE_STRICT_OBJC_MSGSEND = YES;
				ENABLE_TESTABILITY = YES;
				GCC_C_LANGUAGE_STANDARD = gnu11;
				GCC_DYNAMIC_NO_PIC = NO;
				GCC_NO_COMMON_BLOCKS = YES;
				GCC_OPTIMIZATION_LEVEL = 0;
				GCC_PREPROCESSOR_DEFINITIONS = (
					"DEBUG=1",
					"$(inherited)",
				);
				GCC_WARN_64_TO_32_BIT_CONVERSION = YES;
				GCC_WARN_ABOUT_RETURN_TYPE = YES_ERROR;
				GCC_WARN_UNDECLARED_SELECTOR = YES;
				GCC_WARN_UNINITIALIZED_AUTOS = YES_AGGRESSIVE;
				GCC_WARN_UNUSED_FUNCTION = YES;
				GCC_WARN_UNUSED_VARIABLE = YES;
				IPHONEOS_DEPLOYMENT_TARGET = 15.4;
				MTL_ENABLE_DEBUG_INFO = INCLUDE_SOURCE;
				MTL_FAST_MATH = YES;
				ONLY_ACTIVE_ARCH = YES;
				SDKROOT = iphoneos;
				SWIFT_ACTIVE_COMPILATION_CONDITIONS = DEBUG;
				SWIFT_OPTIMIZATION_LEVEL = "-Onone";
			};
			name = Debug;
		};
		ECC623532808CE9000D74BBB /* Release */ = {
			isa = XCBuildConfiguration;
			buildSettings = {
				ALWAYS_SEARCH_USER_PATHS = NO;
				CLANG_ANALYZER_NONNULL = YES;
				CLANG_ANALYZER_NUMBER_OBJECT_CONVERSION = YES_AGGRESSIVE;
				CLANG_CXX_LANGUAGE_STANDARD = "gnu++17";
				CLANG_ENABLE_MODULES = YES;
				CLANG_ENABLE_OBJC_ARC = YES;
				CLANG_ENABLE_OBJC_WEAK = YES;
				CLANG_WARN_BLOCK_CAPTURE_AUTORELEASING = YES;
				CLANG_WARN_BOOL_CONVERSION = YES;
				CLANG_WARN_COMMA = YES;
				CLANG_WARN_CONSTANT_CONVERSION = YES;
				CLANG_WARN_DEPRECATED_OBJC_IMPLEMENTATIONS = YES;
				CLANG_WARN_DIRECT_OBJC_ISA_USAGE = YES_ERROR;
				CLANG_WARN_DOCUMENTATION_COMMENTS = YES;
				CLANG_WARN_EMPTY_BODY = YES;
				CLANG_WARN_ENUM_CONVERSION = YES;
				CLANG_WARN_INFINITE_RECURSION = YES;
				CLANG_WARN_INT_CONVERSION = YES;
				CLANG_WARN_NON_LITERAL_NULL_CONVERSION = YES;
				CLANG_WARN_OBJC_IMPLICIT_RETAIN_SELF = YES;
				CLANG_WARN_OBJC_LITERAL_CONVERSION = YES;
				CLANG_WARN_OBJC_ROOT_CLASS = YES_ERROR;
				CLANG_WARN_QUOTED_INCLUDE_IN_FRAMEWORK_HEADER = YES;
				CLANG_WARN_RANGE_LOOP_ANALYSIS = YES;
				CLANG_WARN_STRICT_PROTOTYPES = YES;
				CLANG_WARN_SUSPICIOUS_MOVE = YES;
				CLANG_WARN_UNGUARDED_AVAILABILITY = YES_AGGRESSIVE;
				CLANG_WARN_UNREACHABLE_CODE = YES;
				CLANG_WARN__DUPLICATE_METHOD_MATCH = YES;
				COPY_PHASE_STRIP = NO;
				DEBUG_INFORMATION_FORMAT = "dwarf-with-dsym";
				ENABLE_NS_ASSERTIONS = NO;
				ENABLE_STRICT_OBJC_MSGSEND = YES;
				GCC_C_LANGUAGE_STANDARD = gnu11;
				GCC_NO_COMMON_BLOCKS = YES;
				GCC_WARN_64_TO_32_BIT_CONVERSION = YES;
				GCC_WARN_ABOUT_RETURN_TYPE = YES_ERROR;
				GCC_WARN_UNDECLARED_SELECTOR = YES;
				GCC_WARN_UNINITIALIZED_AUTOS = YES_AGGRESSIVE;
				GCC_WARN_UNUSED_FUNCTION = YES;
				GCC_WARN_UNUSED_VARIABLE = YES;
				IPHONEOS_DEPLOYMENT_TARGET = 15.4;
				MTL_ENABLE_DEBUG_INFO = NO;
				MTL_FAST_MATH = YES;
				SDKROOT = iphoneos;
				SWIFT_COMPILATION_MODE = wholemodule;
				SWIFT_OPTIMIZATION_LEVEL = "-O";
				VALIDATE_PRODUCT = YES;
			};
			name = Release;
		};
		ECC623552808CE9000D74BBB /* Debug */ = {
			isa = XCBuildConfiguration;
			buildSettings = {
				ASSETCATALOG_COMPILER_APPICON_NAME = AppIcon;
				ASSETCATALOG_COMPILER_GLOBAL_ACCENT_COLOR_NAME = AccentColor;
				CODE_SIGN_STYLE = Automatic;
				CURRENT_PROJECT_VERSION = 1;
				DEVELOPMENT_ASSET_PATHS = "\"Profile/Preview Content\"";
				ENABLE_PREVIEWS = YES;
				GENERATE_INFOPLIST_FILE = YES;
				INFOPLIST_KEY_UIApplicationSceneManifest_Generation = YES;
				INFOPLIST_KEY_UIApplicationSupportsIndirectInputEvents = YES;
				INFOPLIST_KEY_UILaunchScreen_Generation = YES;
				INFOPLIST_KEY_UISupportedInterfaceOrientations_iPad = "UIInterfaceOrientationPortrait UIInterfaceOrientationPortraitUpsideDown UIInterfaceOrientationLandscapeLeft UIInterfaceOrientationLandscapeRight";
				INFOPLIST_KEY_UISupportedInterfaceOrientations_iPhone = "UIInterfaceOrientationPortrait UIInterfaceOrientationLandscapeLeft UIInterfaceOrientationLandscapeRight";
				IPHONEOS_DEPLOYMENT_TARGET = 15.0;
				LD_RUNPATH_SEARCH_PATHS = (
					"$(inherited)",
					"@executable_path/Frameworks",
				);
				MARKETING_VERSION = 1.0;
				PRODUCT_BUNDLE_IDENTIFIER = edu.fuulerton.ecs.223w.Profile;
				PRODUCT_NAME = "$(TARGET_NAME)";
				SWIFT_EMIT_LOC_STRINGS = YES;
				SWIFT_VERSION = 5.0;
				TARGETED_DEVICE_FAMILY = "1,2";
			};
			name = Debug;
		};
		ECC623562808CE9000D74BBB /* Release */ = {
			isa = XCBuildConfiguration;
			buildSettings = {
				ASSETCATALOG_COMPILER_APPICON_NAME = AppIcon;
				ASSETCATALOG_COMPILER_GLOBAL_ACCENT_COLOR_NAME = AccentColor;
				CODE_SIGN_STYLE = Automatic;
				CURRENT_PROJECT_VERSION = 1;
				DEVELOPMENT_ASSET_PATHS = "\"Profile/Preview Content\"";
				ENABLE_PREVIEWS = YES;
				GENERATE_INFOPLIST_FILE = YES;
				INFOPLIST_KEY_UIApplicationSceneManifest_Generation = YES;
				INFOPLIST_KEY_UIApplicationSupportsIndirectInputEvents = YES;
				INFOPLIST_KEY_UILaunchScreen_Generation = YES;
				INFOPLIST_KEY_UISupportedInterfaceOrientations_iPad = "UIInterfaceOrientationPortrait UIInterfaceOrientationPortraitUpsideDown UIInterfaceOrientationLandscapeLeft UIInterfaceOrientationLandscapeRight";
				INFOPLIST_KEY_UISupportedInterfaceOrientations_iPhone = "UIInterfaceOrientationPortrait UIInterfaceOrientationLandscapeLeft UIInterfaceOrientationLandscapeRight";
				IPHONEOS_DEPLOYMENT_TARGET = 15.0;
				LD_RUNPATH_SEARCH_PATHS = (
					"$(inherited)",
					"@executable_path/Frameworks",
				);
				MARKETING_VERSION = 1.0;
				PRODUCT_BUNDLE_IDENTIFIER = edu.fuulerton.ecs.223w.Profile;
				PRODUCT_NAME = "$(TARGET_NAME)";
				SWIFT_EMIT_LOC_STRINGS = YES;
				SWIFT_VERSION = 5.0;
				TARGETED_DEVICE_FAMILY = "1,2";
			};
			name = Release;
		};
		ECC623582808CE9000D74BBB /* Debug */ = {
			isa = XCBuildConfiguration;
			buildSettings = {
				ALWAYS_EMBED_SWIFT_STANDARD_LIBRARIES = YES;
				BUNDLE_LOADER = "$(TEST_HOST)";
				CODE_SIGN_STYLE = Automatic;
				CURRENT_PROJECT_VERSION = 1;
				GENERATE_INFOPLIST_FILE = YES;
				IPHONEOS_DEPLOYMENT_TARGET = 15.0;
				MARKETING_VERSION = 1.0;
				PRODUCT_BUNDLE_IDENTIFIER = edu.fuulerton.ecs.223w.ProfileTests;
				PRODUCT_NAME = "$(TARGET_NAME)";
				SWIFT_EMIT_LOC_STRINGS = NO;
				SWIFT_VERSION = 5.0;
				TARGETED_DEVICE_FAMILY = "1,2";
				TEST_HOST = "$(BUILT_PRODUCTS_DIR)/Profile.app/Profile";
			};
			name = Debug;
		};
		ECC623592808CE9000D74BBB /* Release */ = {
			isa = XCBuildConfiguration;
			buildSettings = {
				ALWAYS_EMBED_SWIFT_STANDARD_LIBRARIES = YES;
				BUNDLE_LOADER = "$(TEST_HOST)";
				CODE_SIGN_STYLE = Automatic;
				CURRENT_PROJECT_VERSION = 1;
				GENERATE_INFOPLIST_FILE = YES;
				IPHONEOS_DEPLOYMENT_TARGET = 15.0;
				MARKETING_VERSION = 1.0;
				PRODUCT_BUNDLE_IDENTIFIER = edu.fuulerton.ecs.223w.ProfileTests;
				PRODUCT_NAME = "$(TARGET_NAME)";
				SWIFT_EMIT_LOC_STRINGS = NO;
				SWIFT_VERSION = 5.0;
				TARGETED_DEVICE_FAMILY = "1,2";
				TEST_HOST = "$(BUILT_PRODUCTS_DIR)/Profile.app/Profile";
			};
			name = Release;
		};
		ECC6235B2808CE9000D74BBB /* Debug */ = {
			isa = XCBuildConfiguration;
			buildSettings = {
				ALWAYS_EMBED_SWIFT_STANDARD_LIBRARIES = YES;
				CODE_SIGN_STYLE = Automatic;
				CURRENT_PROJECT_VERSION = 1;
				GENERATE_INFOPLIST_FILE = YES;
				MARKETING_VERSION = 1.0;
				PRODUCT_BUNDLE_IDENTIFIER = edu.fuulerton.ecs.223w.ProfileUITests;
				PRODUCT_NAME = "$(TARGET_NAME)";
				SWIFT_EMIT_LOC_STRINGS = NO;
				SWIFT_VERSION = 5.0;
				TARGETED_DEVICE_FAMILY = "1,2";
				TEST_TARGET_NAME = Profile;
			};
			name = Debug;
		};
		ECC6235C2808CE9000D74BBB /* Release */ = {
			isa = XCBuildConfiguration;
			buildSettings = {
				ALWAYS_EMBED_SWIFT_STANDARD_LIBRARIES = YES;
				CODE_SIGN_STYLE = Automatic;
				CURRENT_PROJECT_VERSION = 1;
				GENERATE_INFOPLIST_FILE = YES;
				MARKETING_VERSION = 1.0;
				PRODUCT_BUNDLE_IDENTIFIER = edu.fuulerton.ecs.223w.ProfileUITests;
				PRODUCT_NAME = "$(TARGET_NAME)";
				SWIFT_EMIT_LOC_STRINGS = NO;
				SWIFT_VERSION = 5.0;
				TARGETED_DEVICE_FAMILY = "1,2";
				TEST_TARGET_NAME = Profile;
			};
			name = Release;
		};
/* End XCBuildConfiguration section */

/* Begin XCConfigurationList section */
		ECC6232B2808CE8C00D74BBB /* Build configuration list for PBXProject "Profile" */ = {
			isa = XCConfigurationList;
			buildConfigurations = (
				ECC623522808CE9000D74BBB /* Debug */,
				ECC623532808CE9000D74BBB /* Release */,
			);
			defaultConfigurationIsVisible = 0;
			defaultConfigurationName = Release;
		};
		ECC623542808CE9000D74BBB /* Build configuration list for PBXNativeTarget "Profile" */ = {
			isa = XCConfigurationList;
			buildConfigurations = (
				ECC623552808CE9000D74BBB /* Debug */,
				ECC623562808CE9000D74BBB /* Release */,
			);
			defaultConfigurationIsVisible = 0;
			defaultConfigurationName = Release;
		};
		ECC623572808CE9000D74BBB /* Build configuration list for PBXNativeTarget "ProfileTests" */ = {
			isa = XCConfigurationList;
			buildConfigurations = (
				ECC623582808CE9000D74BBB /* Debug */,
				ECC623592808CE9000D74BBB /* Release */,
			);
			defaultConfigurationIsVisible = 0;
			defaultConfigurationName = Release;
		};
		ECC6235A2808CE9000D74BBB /* Build configuration list for PBXNativeTarget "ProfileUITests" */ = {
			isa = XCConfigurationList;
			buildConfigurations = (
				ECC6235B2808CE9000D74BBB /* Debug */,
				ECC6235C2808CE9000D74BBB /* Release */,
			);
			defaultConfigurationIsVisible = 0;
			defaultConfigurationName = Release;
		};
/* End XCConfigurationList section */
	};
	rootObject = ECC623282808CE8C00D74BBB /* Project object */;
}
